
Microsoft Visual Studio Solution File, Format Version 12.00
# Visual Studio 15
VisualStudioVersion = 15.0.26430.16
MinimumVisualStudioVersion = 10.0.40219.1
Project("{FAE04EC0-301F-11D3-BF4B-00C04F79EFBC}") = "FutbolAppAzure.Android", "FutbolAppAzure\FutbolAppAzure.Android\FutbolAppAzure.Android.csproj", "{3239B042-BD09-4F46-9FBD-B3B68EE534D1}"
EndProject
Project("{FAE04EC0-301F-11D3-BF4B-00C04F79EFBC}") = "FutbolAppAzure", "FutbolAppAzure\FutbolAppAzure\FutbolAppAzure.csproj", "{39A03A36-E69B-4AB7-AA99-29AA807BD014}"
EndProject
Project("{FAE04EC0-301F-11D3-BF4B-00C04F79EFBC}") = "FutbolAppAzure.UWP", "FutbolAppAzure\FutbolAppAzure.UWP\FutbolAppAzure.UWP.csproj", "{BA1BBE4E-CDF0-4BC4-97E3-0B7772EDD41A}"
EndProject
Project("{FAE04EC0-301F-11D3-BF4B-00C04F79EFBC}") = "FutbolAppAzure.iOS", "FutbolAppAzure\FutbolAppAzure.iOS\FutbolAppAzure.iOS.csproj", "{AEF7E291-4E7B-43D0-A9DB-B4730A652916}"
EndProject
Global
	GlobalSection(SolutionConfigurationPlatforms) = preSolution
		Ad-Hoc|Any CPU = Ad-Hoc|Any CPU
		Ad-Hoc|ARM = Ad-Hoc|ARM
		Ad-Hoc|iPhone = Ad-Hoc|iPhone
		Ad-Hoc|iPhoneSimulator = Ad-Hoc|iPhoneSimulator
		Ad-Hoc|x64 = Ad-Hoc|x64
		Ad-Hoc|x86 = Ad-Hoc|x86
		AppStore|Any CPU = AppStore|Any CPU
		AppStore|ARM = AppStore|ARM
		AppStore|iPhone = AppStore|iPhone
		AppStore|iPhoneSimulator = AppStore|iPhoneSimulator
		AppStore|x64 = AppStore|x64
		AppStore|x86 = AppStore|x86
		Debug|Any CPU = Debug|Any CPU
		Debug|ARM = Debug|ARM
		Debug|iPhone = Debug|iPhone
		Debug|iPhoneSimulator = Debug|iPhoneSimulator
		Debug|x64 = Debug|x64
		Debug|x86 = Debug|x86
		Release|Any CPU = Release|Any CPU
		Release|ARM = Release|ARM
		Release|iPhone = Release|iPhone
		Release|iPhoneSimulator = Release|iPhoneSimulator
		Release|x64 = Release|x64
		Release|x86 = Release|x86
	EndGlobalSection
	GlobalSection(ProjectConfigurationPlatforms) = postSolution
		{3239B042-BD09-4F46-9FBD-B3B68EE534D1}.Ad-Hoc|Any CPU.ActiveCfg = Release|Any CPU
		{3239B042-BD09-4F46-9FBD-B3B68EE534D1}.Ad-Hoc|Any CPU.Build.0 = Release|Any CPU
		{3239B042-BD09-4F46-9FBD-B3B68EE534D1}.Ad-Hoc|Any CPU.Deploy.0 = Release|Any CPU
		{3239B042-BD09-4F46-9FBD-B3B68EE534D1}.Ad-Hoc|ARM.ActiveCfg = Release|Any CPU
		{3239B042-BD09-4F46-9FBD-B3B68EE534D1}.Ad-Hoc|ARM.Build.0 = Release|Any CPU
		{3239B042-BD09-4F46-9FBD-B3B68EE534D1}.Ad-Hoc|ARM.Deploy.0 = Release|Any CPU
		{3239B042-BD09-4F46-9FBD-B3B68EE534D1}.Ad-Hoc|iPhone.ActiveCfg = Release|Any CPU
		{3239B042-BD09-4F46-9FBD-B3B68EE534D1}.Ad-Hoc|iPhone.Build.0 = Release|Any CPU
		{3239B042-BD09-4F46-9FBD-B3B68EE534D1}.Ad-Hoc|iPhone.Deploy.0 = Release|Any CPU
		{3239B042-BD09-4F46-9FBD-B3B68EE534D1}.Ad-Hoc|iPhoneSimulator.ActiveCfg = Release|Any CPU
		{3239B042-BD09-4F46-9FBD-B3B68EE534D1}.Ad-Hoc|iPhoneSimulator.Build.0 = Release|Any CPU
		{3239B042-BD09-4F46-9FBD-B3B68EE534D1}.Ad-Hoc|iPhoneSimulator.Deploy.0 = Release|Any CPU
		{3239B042-BD09-4F46-9FBD-B3B68EE534D1}.Ad-Hoc|x64.ActiveCfg = Release|Any CPU
		{3239B042-BD09-4F46-9FBD-B3B68EE534D1}.Ad-Hoc|x64.Build.0 = Release|Any CPU
		{3239B042-BD09-4F46-9FBD-B3B68EE534D1}.Ad-Hoc|x64.Deploy.0 = Release|Any CPU
		{3239B042-BD09-4F46-9FBD-B3B68EE534D1}.Ad-Hoc|x86.ActiveCfg = Release|Any CPU
		{3239B042-BD09-4F46-9FBD-B3B68EE534D1}.Ad-Hoc|x86.Build.0 = Release|Any CPU
		{3239B042-BD09-4F46-9FBD-B3B68EE534D1}.Ad-Hoc|x86.Deploy.0 = Release|Any CPU
		{3239B042-BD09-4F46-9FBD-B3B68EE534D1}.AppStore|Any CPU.ActiveCfg = Release|Any CPU
		{3239B042-BD09-4F46-9FBD-B3B68EE534D1}.AppStore|Any CPU.Build.0 = Release|Any CPU
		{3239B042-BD09-4F46-9FBD-B3B68EE534D1}.AppStore|Any CPU.Deploy.0 = Release|Any CPU
		{3239B042-BD09-4F46-9FBD-B3B68EE534D1}.AppStore|ARM.ActiveCfg = Release|Any CPU
		{3239B042-BD09-4F46-9FBD-B3B68EE534D1}.AppStore|ARM.Build.0 = Release|Any CPU
		{3239B042-BD09-4F46-9FBD-B3B68EE534D1}.AppStore|ARM.Deploy.0 = Release|Any CPU
		{3239B042-BD09-4F46-9FBD-B3B68EE534D1}.AppStore|iPhone.ActiveCfg = Release|Any CPU
		{3239B042-BD09-4F46-9FBD-B3B68EE534D1}.AppStore|iPhone.Build.0 = Release|Any CPU
		{3239B042-BD09-4F46-9FBD-B3B68EE534D1}.AppStore|iPhone.Deploy.0 = Release|Any CPU
		{3239B042-BD09-4F46-9FBD-B3B68EE534D1}.AppStore|iPhoneSimulator.ActiveCfg = Release|Any CPU
		{3239B042-BD09-4F46-9FBD-B3B68EE534D1}.AppStore|iPhoneSimulator.Build.0 = Release|Any CPU
		{3239B042-BD09-4F46-9FBD-B3B68EE534D1}.AppStore|iPhoneSimulator.Deploy.0 = Release|Any CPU
		{3239B042-BD09-4F46-9FBD-B3B68EE534D1}.AppStore|x64.ActiveCfg = Release|Any CPU
		{3239B042-BD09-4F46-9FBD-B3B68EE534D1}.AppStore|x64.Build.0 = Release|Any CPU
		{3239B042-BD09-4F46-9FBD-B3B68EE534D1}.AppStore|x64.Deploy.0 = Release|Any CPU
		{3239B042-BD09-4F46-9FBD-B3B68EE534D1}.AppStore|x86.ActiveCfg = Release|Any CPU
		{3239B042-BD09-4F46-9FBD-B3B68EE534D1}.AppStore|x86.Build.0 = Release|Any CPU
		{3239B042-BD09-4F46-9FBD-B3B68EE534D1}.AppStore|x86.Deploy.0 = Release|Any CPU
		{3239B042-BD09-4F46-9FBD-B3B68EE534D1}.Debug|Any CPU.ActiveCfg = Debug|Any CPU
		{3239B042-BD09-4F46-9FBD-B3B68EE534D1}.Debug|Any CPU.Build.0 = Debug|Any CPU
		{3239B042-BD09-4F46-9FBD-B3B68EE534D1}.Debug|Any CPU.Deploy.0 = Debug|Any CPU
		{3239B042-BD09-4F46-9FBD-B3B68EE534D1}.Debug|ARM.ActiveCfg = Debug|Any CPU
		{3239B042-BD09-4F46-9FBD-B3B68EE534D1}.Debug|ARM.Build.0 = Debug|Any CPU
		{3239B042-BD09-4F46-9FBD-B3B68EE534D1}.Debug|ARM.Deploy.0 = Debug|Any CPU
		{3239B042-BD09-4F46-9FBD-B3B68EE534D1}.Debug|iPhone.ActiveCfg = Debug|Any CPU
		{3239B042-BD09-4F46-9FBD-B3B68EE534D1}.Debug|iPhone.Build.0 = Debug|Any CPU
		{3239B042-BD09-4F46-9FBD-B3B68EE534D1}.Debug|iPhone.Deploy.0 = Debug|Any CPU
		{3239B042-BD09-4F46-9FBD-B3B68EE534D1}.Debug|iPhoneSimulator.ActiveCfg = Debug|Any CPU
		{3239B042-BD09-4F46-9FBD-B3B68EE534D1}.Debug|iPhoneSimulator.Build.0 = Debug|Any CPU
		{3239B042-BD09-4F46-9FBD-B3B68EE534D1}.Debug|iPhoneSimulator.Deploy.0 = Debug|Any CPU
		{3239B042-BD09-4F46-9FBD-B3B68EE534D1}.Debug|x64.ActiveCfg = Debug|Any CPU
		{3239B042-BD09-4F46-9FBD-B3B68EE534D1}.Debug|x64.Build.0 = Debug|Any CPU
		{3239B042-BD09-4F46-9FBD-B3B68EE534D1}.Debug|x64.Deploy.0 = Debug|Any CPU
		{3239B042-BD09-4F46-9FBD-B3B68EE534D1}.Debug|x86.ActiveCfg = Debug|Any CPU
		{3239B042-BD09-4F46-9FBD-B3B68EE534D1}.Debug|x86.Build.0 = Debug|Any CPU
		{3239B042-BD09-4F46-9FBD-B3B68EE534D1}.Debug|x86.Deploy.0 = Debug|Any CPU
		{3239B042-BD09-4F46-9FBD-B3B68EE534D1}.Release|Any CPU.ActiveCfg = Release|Any CPU
		{3239B042-BD09-4F46-9FBD-B3B68EE534D1}.Release|Any CPU.Build.0 = Release|Any CPU
		{3239B042-BD09-4F46-9FBD-B3B68EE534D1}.Release|Any CPU.Deploy.0 = Release|Any CPU
		{3239B042-BD09-4F46-9FBD-B3B68EE534D1}.Release|ARM.ActiveCfg = Release|Any CPU
		{3239B042-BD09-4F46-9FBD-B3B68EE534D1}.Release|ARM.Build.0 = Release|Any CPU
		{3239B042-BD09-4F46-9FBD-B3B68EE534D1}.Release|ARM.Deploy.0 = Release|Any CPU
		{3239B042-BD09-4F46-9FBD-B3B68EE534D1}.Release|iPhone.ActiveCfg = Release|Any CPU
		{3239B042-BD09-4F46-9FBD-B3B68EE534D1}.Release|iPhone.Build.0 = Release|Any CPU
		{3239B042-BD09-4F46-9FBD-B3B68EE534D1}.Release|iPhone.Deploy.0 = Release|Any CPU
		{3239B042-BD09-4F46-9FBD-B3B68EE534D1}.Release|iPhoneSimulator.ActiveCfg = Release|Any CPU
		{3239B042-BD09-4F46-9FBD-B3B68EE534D1}.Release|iPhoneSimulator.Build.0 = Release|Any CPU
		{3239B042-BD09-4F46-9FBD-B3B68EE534D1}.Release|iPhoneSimulator.Deploy.0 = Release|Any CPU
		{3239B042-BD09-4F46-9FBD-B3B68EE534D1}.Release|x64.ActiveCfg = Release|Any CPU
		{3239B042-BD09-4F46-9FBD-B3B68EE534D1}.Release|x64.Build.0 = Release|Any CPU
		{3239B042-BD09-4F46-9FBD-B3B68EE534D1}.Release|x64.Deploy.0 = Release|Any CPU
		{3239B042-BD09-4F46-9FBD-B3B68EE534D1}.Release|x86.ActiveCfg = Release|Any CPU
		{3239B042-BD09-4F46-9FBD-B3B68EE534D1}.Release|x86.Build.0 = Release|Any CPU
		{3239B042-BD09-4F46-9FBD-B3B68EE534D1}.Release|x86.Deploy.0 = Release|Any CPU
		{39A03A36-E69B-4AB7-AA99-29AA807BD014}.Ad-Hoc|Any CPU.ActiveCfg = Release|Any CPU
		{39A03A36-E69B-4AB7-AA99-29AA807BD014}.Ad-Hoc|Any CPU.Build.0 = Release|Any CPU
		{39A03A36-E69B-4AB7-AA99-29AA807BD014}.Ad-Hoc|ARM.ActiveCfg = Release|Any CPU
		{39A03A36-E69B-4AB7-AA99-29AA807BD014}.Ad-Hoc|ARM.Build.0 = Release|Any CPU
		{39A03A36-E69B-4AB7-AA99-29AA807BD014}.Ad-Hoc|iPhone.ActiveCfg = Release|Any CPU
		{39A03A36-E69B-4AB7-AA99-29AA807BD014}.Ad-Hoc|iPhone.Build.0 = Release|Any CPU
		{39A03A36-E69B-4AB7-AA99-29AA807BD014}.Ad-Hoc|iPhoneSimulator.ActiveCfg = Release|Any CPU
		{39A03A36-E69B-4AB7-AA99-29AA807BD014}.Ad-Hoc|iPhoneSimulator.Build.0 = Release|Any CPU
		{39A03A36-E69B-4AB7-AA99-29AA807BD014}.Ad-Hoc|x64.ActiveCfg = Release|Any CPU
		{39A03A36-E69B-4AB7-AA99-29AA807BD014}.Ad-Hoc|x64.Build.0 = Release|Any CPU
		{39A03A36-E69B-4AB7-AA99-29AA807BD014}.Ad-Hoc|x86.ActiveCfg = Release|Any CPU
		{39A03A36-E69B-4AB7-AA99-29AA807BD014}.Ad-Hoc|x86.Build.0 = Release|Any CPU
		{39A03A36-E69B-4AB7-AA99-29AA807BD014}.AppStore|Any CPU.ActiveCfg = Release|Any CPU
		{39A03A36-E69B-4AB7-AA99-29AA807BD014}.AppStore|Any CPU.Build.0 = Release|Any CPU
		{39A03A36-E69B-4AB7-AA99-29AA807BD014}.AppStore|ARM.ActiveCfg = Release|Any CPU
		{39A03A36-E69B-4AB7-AA99-29AA807BD014}.AppStore|ARM.Build.0 = Release|Any CPU
		{39A03A36-E69B-4AB7-AA99-29AA807BD014}.AppStore|iPhone.ActiveCfg = Release|Any CPU
		{39A03A36-E69B-4AB7-AA99-29AA807BD014}.AppStore|iPhone.Build.0 = Release|Any CPU
		{39A03A36-E69B-4AB7-AA99-29AA807BD014}.AppStore|iPhoneSimulator.ActiveCfg = Release|Any CPU
		{39A03A36-E69B-4AB7-AA99-29AA807BD014}.AppStore|iPhoneSimulator.Build.0 = Release|Any CPU
		{39A03A36-E69B-4AB7-AA99-29AA807BD014}.AppStore|x64.ActiveCfg = Release|Any CPU
		{39A03A36-E69B-4AB7-AA99-29AA807BD014}.AppStore|x64.Build.0 = Release|Any CPU
		{39A03A36-E69B-4AB7-AA99-29AA807BD014}.AppStore|x86.ActiveCfg = Release|Any CPU
		{39A03A36-E69B-4AB7-AA99-29AA807BD014}.AppStore|x86.Build.0 = Release|Any CPU
		{39A03A36-E69B-4AB7-AA99-29AA807BD014}.Debug|Any CPU.ActiveCfg = Debug|Any CPU
		{39A03A36-E69B-4AB7-AA99-29AA807BD014}.Debug|Any CPU.Build.0 = Debug|Any CPU
		{39A03A36-E69B-4AB7-AA99-29AA807BD014}.Debug|ARM.ActiveCfg = Debug|Any CPU
		{39A03A36-E69B-4AB7-AA99-29AA807BD014}.Debug|ARM.Build.0 = Debug|Any CPU
		{39A03A36-E69B-4AB7-AA99-29AA807BD014}.Debug|iPhone.ActiveCfg = Debug|Any CPU
		{39A03A36-E69B-4AB7-AA99-29AA807BD014}.Debug|iPhone.Build.0 = Debug|Any CPU
		{39A03A36-E69B-4AB7-AA99-29AA807BD014}.Debug|iPhoneSimulator.ActiveCfg = Debug|Any CPU
		{39A03A36-E69B-4AB7-AA99-29AA807BD014}.Debug|iPhoneSimulator.Build.0 = Debug|Any CPU
		{39A03A36-E69B-4AB7-AA99-29AA807BD014}.Debug|x64.ActiveCfg = Debug|Any CPU
		{39A03A36-E69B-4AB7-AA99-29AA807BD014}.Debug|x64.Build.0 = Debug|Any CPU
		{39A03A36-E69B-4AB7-AA99-29AA807BD014}.Debug|x86.ActiveCfg = Debug|Any CPU
		{39A03A36-E69B-4AB7-AA99-29AA807BD014}.Debug|x86.Build.0 = Debug|Any CPU
		{39A03A36-E69B-4AB7-AA99-29AA807BD014}.Release|Any CPU.ActiveCfg = Release|Any CPU
		{39A03A36-E69B-4AB7-AA99-29AA807BD014}.Release|Any CPU.Build.0 = Release|Any CPU
		{39A03A36-E69B-4AB7-AA99-29AA807BD014}.Release|ARM.ActiveCfg = Release|Any CPU
		{39A03A36-E69B-4AB7-AA99-29AA807BD014}.Release|ARM.Build.0 = Release|Any CPU
		{39A03A36-E69B-4AB7-AA99-29AA807BD014}.Release|iPhone.ActiveCfg = Release|Any CPU
		{39A03A36-E69B-4AB7-AA99-29AA807BD014}.Release|iPhone.Build.0 = Release|Any CPU
		{39A03A36-E69B-4AB7-AA99-29AA807BD014}.Release|iPhoneSimulator.ActiveCfg = Release|Any CPU
		{39A03A36-E69B-4AB7-AA99-29AA807BD014}.Release|iPhoneSimulator.Build.0 = Release|Any CPU
		{39A03A36-E69B-4AB7-AA99-29AA807BD014}.Release|x64.ActiveCfg = Release|Any CPU
		{39A03A36-E69B-4AB7-AA99-29AA807BD014}.Release|x64.Build.0 = Release|Any CPU
		{39A03A36-E69B-4AB7-AA99-29AA807BD014}.Release|x86.ActiveCfg = Release|Any CPU
		{39A03A36-E69B-4AB7-AA99-29AA807BD014}.Release|x86.Build.0 = Release|Any CPU
		{BA1BBE4E-CDF0-4BC4-97E3-0B7772EDD41A}.Ad-Hoc|Any CPU.ActiveCfg = Release|x86
		{BA1BBE4E-CDF0-4BC4-97E3-0B7772EDD41A}.Ad-Hoc|Any CPU.Build.0 = Release|x86
		{BA1BBE4E-CDF0-4BC4-97E3-0B7772EDD41A}.Ad-Hoc|Any CPU.Deploy.0 = Release|x86
		{BA1BBE4E-CDF0-4BC4-97E3-0B7772EDD41A}.Ad-Hoc|ARM.ActiveCfg = Release|ARM
		{BA1BBE4E-CDF0-4BC4-97E3-0B7772EDD41A}.Ad-Hoc|ARM.Build.0 = Release|ARM
		{BA1BBE4E-CDF0-4BC4-97E3-0B7772EDD41A}.Ad-Hoc|ARM.Deploy.0 = Release|ARM
		{BA1BBE4E-CDF0-4BC4-97E3-0B7772EDD41A}.Ad-Hoc|iPhone.ActiveCfg = Release|x86
		{BA1BBE4E-CDF0-4BC4-97E3-0B7772EDD41A}.Ad-Hoc|iPhone.Build.0 = Release|x86
		{BA1BBE4E-CDF0-4BC4-97E3-0B7772EDD41A}.Ad-Hoc|iPhone.Deploy.0 = Release|x86
		{BA1BBE4E-CDF0-4BC4-97E3-0B7772EDD41A}.Ad-Hoc|iPhoneSimulator.ActiveCfg = Release|x86
		{BA1BBE4E-CDF0-4BC4-97E3-0B7772EDD41A}.Ad-Hoc|iPhoneSimulator.Build.0 = Release|x86
		{BA1BBE4E-CDF0-4BC4-97E3-0B7772EDD41A}.Ad-Hoc|iPhoneSimulator.Deploy.0 = Release|x86
		{BA1BBE4E-CDF0-4BC4-97E3-0B7772EDD41A}.Ad-Hoc|x64.ActiveCfg = Release|x64
		{BA1BBE4E-CDF0-4BC4-97E3-0B7772EDD41A}.Ad-Hoc|x64.Build.0 = Release|x64
		{BA1BBE4E-CDF0-4BC4-97E3-0B7772EDD41A}.Ad-Hoc|x64.Deploy.0 = Release|x64
		{BA1BBE4E-CDF0-4BC4-97E3-0B7772EDD41A}.Ad-Hoc|x86.ActiveCfg = Release|x86
		{BA1BBE4E-CDF0-4BC4-97E3-0B7772EDD41A}.Ad-Hoc|x86.Build.0 = Release|x86
		{BA1BBE4E-CDF0-4BC4-97E3-0B7772EDD41A}.Ad-Hoc|x86.Deploy.0 = Release|x86
		{BA1BBE4E-CDF0-4BC4-97E3-0B7772EDD41A}.AppStore|Any CPU.ActiveCfg = Release|x86
		{BA1BBE4E-CDF0-4BC4-97E3-0B7772EDD41A}.AppStore|Any CPU.Build.0 = Release|x86
		{BA1BBE4E-CDF0-4BC4-97E3-0B7772EDD41A}.AppStore|Any CPU.Deploy.0 = Release|x86
		{BA1BBE4E-CDF0-4BC4-97E3-0B7772EDD41A}.AppStore|ARM.ActiveCfg = Release|ARM
		{BA1BBE4E-CDF0-4BC4-97E3-0B7772EDD41A}.AppStore|ARM.Build.0 = Release|ARM
		{BA1BBE4E-CDF0-4BC4-97E3-0B7772EDD41A}.AppStore|ARM.Deploy.0 = Release|ARM
		{BA1BBE4E-CDF0-4BC4-97E3-0B7772EDD41A}.AppStore|iPhone.ActiveCfg = Release|x86
		{BA1BBE4E-CDF0-4BC4-97E3-0B7772EDD41A}.AppStore|iPhone.Build.0 = Release|x86
		{BA1BBE4E-CDF0-4BC4-97E3-0B7772EDD41A}.AppStore|iPhone.Deploy.0 = Release|x86
		{BA1BBE4E-CDF0-4BC4-97E3-0B7772EDD41A}.AppStore|iPhoneSimulator.ActiveCfg = Release|x86
		{BA1BBE4E-CDF0-4BC4-97E3-0B7772EDD41A}.AppStore|iPhoneSimulator.Build.0 = Release|x86
		{BA1BBE4E-CDF0-4BC4-97E3-0B7772EDD41A}.AppStore|iPhoneSimulator.Deploy.0 = Release|x86
		{BA1BBE4E-CDF0-4BC4-97E3-0B7772EDD41A}.AppStore|x64.ActiveCfg = Release|x64
		{BA1BBE4E-CDF0-4BC4-97E3-0B7772EDD41A}.AppStore|x64.Build.0 = Release|x64
		{BA1BBE4E-CDF0-4BC4-97E3-0B7772EDD41A}.AppStore|x64.Deploy.0 = Release|x64
		{BA1BBE4E-CDF0-4BC4-97E3-0B7772EDD41A}.AppStore|x86.ActiveCfg = Release|x86
		{BA1BBE4E-CDF0-4BC4-97E3-0B7772EDD41A}.AppStore|x86.Build.0 = Release|x86
		{BA1BBE4E-CDF0-4BC4-97E3-0B7772EDD41A}.AppStore|x86.Deploy.0 = Release|x86
		{BA1BBE4E-CDF0-4BC4-97E3-0B7772EDD41A}.Debug|Any CPU.ActiveCfg = Debug|x86
		{BA1BBE4E-CDF0-4BC4-97E3-0B7772EDD41A}.Debug|ARM.ActiveCfg = Debug|ARM
		{BA1BBE4E-CDF0-4BC4-97E3-0B7772EDD41A}.Debug|ARM.Build.0 = Debug|ARM
		{BA1BBE4E-CDF0-4BC4-97E3-0B7772EDD41A}.Debug|ARM.Deploy.0 = Debug|ARM
		{BA1BBE4E-CDF0-4BC4-97E3-0B7772EDD41A}.Debug|iPhone.ActiveCfg = Debug|x86
		{BA1BBE4E-CDF0-4BC4-97E3-0B7772EDD41A}.Debug|iPhoneSimulator.ActiveCfg = Debug|x86
		{BA1BBE4E-CDF0-4BC4-97E3-0B7772EDD41A}.Debug|x64.ActiveCfg = Debug|x64
		{BA1BBE4E-CDF0-4BC4-97E3-0B7772EDD41A}.Debug|x64.Build.0 = Debug|x64
		{BA1BBE4E-CDF0-4BC4-97E3-0B7772EDD41A}.Debug|x64.Deploy.0 = Debug|x64
		{BA1BBE4E-CDF0-4BC4-97E3-0B7772EDD41A}.Debug|x86.ActiveCfg = Debug|x86
		{BA1BBE4E-CDF0-4BC4-97E3-0B7772EDD41A}.Debug|x86.Build.0 = Debug|x86
		{BA1BBE4E-CDF0-4BC4-97E3-0B7772EDD41A}.Debug|x86.Deploy.0 = Debug|x86
		{BA1BBE4E-CDF0-4BC4-97E3-0B7772EDD41A}.Release|Any CPU.ActiveCfg = Release|x86
		{BA1BBE4E-CDF0-4BC4-97E3-0B7772EDD41A}.Release|ARM.ActiveCfg = Release|ARM
		{BA1BBE4E-CDF0-4BC4-97E3-0B7772EDD41A}.Release|ARM.Build.0 = Release|ARM
		{BA1BBE4E-CDF0-4BC4-97E3-0B7772EDD41A}.Release|ARM.Deploy.0 = Release|ARM
		{BA1BBE4E-CDF0-4BC4-97E3-0B7772EDD41A}.Release|iPhone.ActiveCfg = Release|x86
		{BA1BBE4E-CDF0-4BC4-97E3-0B7772EDD41A}.Release|iPhoneSimulator.ActiveCfg = Release|x86
		{BA1BBE4E-CDF0-4BC4-97E3-0B7772EDD41A}.Release|x64.ActiveCfg = Release|x64
		{BA1BBE4E-CDF0-4BC4-97E3-0B7772EDD41A}.Release|x64.Build.0 = Release|x64
		{BA1BBE4E-CDF0-4BC4-97E3-0B7772EDD41A}.Release|x64.Deploy.0 = Release|x64
		{BA1BBE4E-CDF0-4BC4-97E3-0B7772EDD41A}.Release|x86.ActiveCfg = Release|x86
		{BA1BBE4E-CDF0-4BC4-97E3-0B7772EDD41A}.Release|x86.Build.0 = Release|x86
		{BA1BBE4E-CDF0-4BC4-97E3-0B7772EDD41A}.Release|x86.Deploy.0 = Release|x86
		{AEF7E291-4E7B-43D0-A9DB-B4730A652916}.Ad-Hoc|Any CPU.ActiveCfg = Ad-Hoc|iPhone
		{AEF7E291-4E7B-43D0-A9DB-B4730A652916}.Ad-Hoc|ARM.ActiveCfg = Ad-Hoc|iPhone
		{AEF7E291-4E7B-43D0-A9DB-B4730A652916}.Ad-Hoc|iPhone.ActiveCfg = Ad-Hoc|iPhone
		{AEF7E291-4E7B-43D0-A9DB-B4730A652916}.Ad-Hoc|iPhone.Build.0 = Ad-Hoc|iPhone
		{AEF7E291-4E7B-43D0-A9DB-B4730A652916}.Ad-Hoc|iPhoneSimulator.ActiveCfg = Ad-Hoc|iPhoneSimulator
		{AEF7E291-4E7B-43D0-A9DB-B4730A652916}.Ad-Hoc|iPhoneSimulator.Build.0 = Ad-Hoc|iPhoneSimulator
		{AEF7E291-4E7B-43D0-A9DB-B4730A652916}.Ad-Hoc|x64.ActiveCfg = Ad-Hoc|iPhone
		{AEF7E291-4E7B-43D0-A9DB-B4730A652916}.Ad-Hoc|x86.ActiveCfg = Ad-Hoc|iPhone
		{AEF7E291-4E7B-43D0-A9DB-B4730A652916}.AppStore|Any CPU.ActiveCfg = AppStore|iPhone
		{AEF7E291-4E7B-43D0-A9DB-B4730A652916}.AppStore|ARM.ActiveCfg = AppStore|iPhone
		{AEF7E291-4E7B-43D0-A9DB-B4730A652916}.AppStore|iPhone.ActiveCfg = AppStore|iPhone
		{AEF7E291-4E7B-43D0-A9DB-B4730A652916}.AppStore|iPhone.Build.0 = AppStore|iPhone
		{AEF7E291-4E7B-43D0-A9DB-B4730A652916}.AppStore|iPhoneSimulator.ActiveCfg = AppStore|iPhoneSimulator
		{AEF7E291-4E7B-43D0-A9DB-B4730A652916}.AppStore|iPhoneSimulator.Build.0 = AppStore|iPhoneSimulator
		{AEF7E291-4E7B-43D0-A9DB-B4730A652916}.AppStore|x64.ActiveCfg = AppStore|iPhone
		{AEF7E291-4E7B-43D0-A9DB-B4730A652916}.AppStore|x86.ActiveCfg = AppStore|iPhone
		{AEF7E291-4E7B-43D0-A9DB-B4730A652916}.Debug|Any CPU.ActiveCfg = Debug|iPhone
		{AEF7E291-4E7B-43D0-A9DB-B4730A652916}.Debug|ARM.ActiveCfg = Debug|iPhone
		{AEF7E291-4E7B-43D0-A9DB-B4730A652916}.Debug|iPhone.ActiveCfg = Debug|iPhone
		{AEF7E291-4E7B-43D0-A9DB-B4730A652916}.Debug|iPhone.Build.0 = Debug|iPhone
		{AEF7E291-4E7B-43D0-A9DB-B4730A652916}.Debug|iPhoneSimulator.ActiveCfg = Debug|iPhoneSimulator
		{AEF7E291-4E7B-43D0-A9DB-B4730A652916}.Debug|iPhoneSimulator.Build.0 = Debug|iPhoneSimulator
		{AEF7E291-4E7B-43D0-A9DB-B4730A652916}.Debug|x64.ActiveCfg = Debug|iPhone
		{AEF7E291-4E7B-43D0-A9DB-B4730A652916}.Debug|x86.ActiveCfg = Debug|iPhone
		{AEF7E291-4E7B-43D0-A9DB-B4730A652916}.Release|Any CPU.ActiveCfg = Release|iPhone
		{AEF7E291-4E7B-43D0-A9DB-B4730A652916}.Release|ARM.ActiveCfg = Release|iPhone
		{AEF7E291-4E7B-43D0-A9DB-B4730A652916}.Release|iPhone.ActiveCfg = Release|iPhone
		{AEF7E291-4E7B-43D0-A9DB-B4730A652916}.Release|iPhone.Build.0 = Release|iPhone
		{AEF7E291-4E7B-43D0-A9DB-B4730A652916}.Release|iPhoneSimulator.ActiveCfg = Release|iPhoneSimulator
		{AEF7E291-4E7B-43D0-A9DB-B4730A652916}.Release|iPhoneSimulator.Build.0 = Release|iPhoneSimulator
		{AEF7E291-4E7B-43D0-A9DB-B4730A652916}.Release|x64.ActiveCfg = Release|iPhone
		{AEF7E291-4E7B-43D0-A9DB-B4730A652916}.Release|x86.ActiveCfg = Release|iPhone
	EndGlobalSection
	GlobalSection(SolutionProperties) = preSolution
		HideSolutionNode = FALSE
	EndGlobalSection
EndGlobal
