
Microsoft Visual Studio Solution File, Format Version 12.00
# Visual Studio 15
VisualStudioVersion = 15.0.26430.16
MinimumVisualStudioVersion = 10.0.40219.1
Project("{D954291E-2A0B-460D-934E-DC6B0785DB48}") = "FutbolAppAzure", "FutbolAppAzure\FutbolAppAzure\FutbolAppAzure.shproj", "{A3CA05BF-1EB7-4ECB-B60F-614A1AE25944}"
EndProject
Project("{FAE04EC0-301F-11D3-BF4B-00C04F79EFBC}") = "FutbolAppAzure.Android", "FutbolAppAzure\FutbolAppAzure.Android\FutbolAppAzure.Android.csproj", "{93C4A718-80C5-41D5-ADD6-725D1AB24470}"
EndProject
Project("{FAE04EC0-301F-11D3-BF4B-00C04F79EFBC}") = "FutbolAppAzure.iOS", "FutbolAppAzure\FutbolAppAzure.iOS\FutbolAppAzure.iOS.csproj", "{0B91FAF2-934C-4FF4-96AE-FAA1B1F31C18}"
EndProject
Project("{FAE04EC0-301F-11D3-BF4B-00C04F79EFBC}") = "FutbolAppAzure.UWP", "FutbolAppAzure\FutbolAppAzure.UWP\FutbolAppAzure.UWP.csproj", "{5C131527-F77F-4747-8079-006EEA0609EE}"
EndProject
Global
	GlobalSection(SharedMSBuildProjectFiles) = preSolution
		FutbolAppAzure\FutbolAppAzure\FutbolAppAzure.projitems*{0b91faf2-934c-4ff4-96ae-faa1b1f31c18}*SharedItemsImports = 4
		FutbolAppAzure\FutbolAppAzure\FutbolAppAzure.projitems*{93c4a718-80c5-41d5-add6-725d1ab24470}*SharedItemsImports = 4
		FutbolAppAzure\FutbolAppAzure\FutbolAppAzure.projitems*{a3ca05bf-1eb7-4ecb-b60f-614a1ae25944}*SharedItemsImports = 13
	EndGlobalSection
	GlobalSection(SolutionConfigurationPlatforms) = preSolution
		Ad-Hoc|Any CPU = Ad-Hoc|Any CPU
		Ad-Hoc|ARM = Ad-Hoc|ARM
		Ad-Hoc|iPhone = Ad-Hoc|iPhone
		Ad-Hoc|iPhoneSimulator = Ad-Hoc|iPhoneSimulator
		Ad-Hoc|x64 = Ad-Hoc|x64
		Ad-Hoc|x86 = Ad-Hoc|x86
		AppStore|Any CPU = AppStore|Any CPU
		AppStore|ARM = AppStore|ARM
		AppStore|iPhone = AppStore|iPhone
		AppStore|iPhoneSimulator = AppStore|iPhoneSimulator
		AppStore|x64 = AppStore|x64
		AppStore|x86 = AppStore|x86
		Debug|Any CPU = Debug|Any CPU
		Debug|ARM = Debug|ARM
		Debug|iPhone = Debug|iPhone
		Debug|iPhoneSimulator = Debug|iPhoneSimulator
		Debug|x64 = Debug|x64
		Debug|x86 = Debug|x86
		Release|Any CPU = Release|Any CPU
		Release|ARM = Release|ARM
		Release|iPhone = Release|iPhone
		Release|iPhoneSimulator = Release|iPhoneSimulator
		Release|x64 = Release|x64
		Release|x86 = Release|x86
	EndGlobalSection
	GlobalSection(ProjectConfigurationPlatforms) = postSolution
		{93C4A718-80C5-41D5-ADD6-725D1AB24470}.Ad-Hoc|Any CPU.ActiveCfg = Release|Any CPU
		{93C4A718-80C5-41D5-ADD6-725D1AB24470}.Ad-Hoc|Any CPU.Build.0 = Release|Any CPU
		{93C4A718-80C5-41D5-ADD6-725D1AB24470}.Ad-Hoc|Any CPU.Deploy.0 = Release|Any CPU
		{93C4A718-80C5-41D5-ADD6-725D1AB24470}.Ad-Hoc|ARM.ActiveCfg = Release|Any CPU
		{93C4A718-80C5-41D5-ADD6-725D1AB24470}.Ad-Hoc|ARM.Build.0 = Release|Any CPU
		{93C4A718-80C5-41D5-ADD6-725D1AB24470}.Ad-Hoc|ARM.Deploy.0 = Release|Any CPU
		{93C4A718-80C5-41D5-ADD6-725D1AB24470}.Ad-Hoc|iPhone.ActiveCfg = Release|Any CPU
		{93C4A718-80C5-41D5-ADD6-725D1AB24470}.Ad-Hoc|iPhone.Build.0 = Release|Any CPU
		{93C4A718-80C5-41D5-ADD6-725D1AB24470}.Ad-Hoc|iPhone.Deploy.0 = Release|Any CPU
		{93C4A718-80C5-41D5-ADD6-725D1AB24470}.Ad-Hoc|iPhoneSimulator.ActiveCfg = Release|Any CPU
		{93C4A718-80C5-41D5-ADD6-725D1AB24470}.Ad-Hoc|iPhoneSimulator.Build.0 = Release|Any CPU
		{93C4A718-80C5-41D5-ADD6-725D1AB24470}.Ad-Hoc|iPhoneSimulator.Deploy.0 = Release|Any CPU
		{93C4A718-80C5-41D5-ADD6-725D1AB24470}.Ad-Hoc|x64.ActiveCfg = Release|Any CPU
		{93C4A718-80C5-41D5-ADD6-725D1AB24470}.Ad-Hoc|x64.Build.0 = Release|Any CPU
		{93C4A718-80C5-41D5-ADD6-725D1AB24470}.Ad-Hoc|x64.Deploy.0 = Release|Any CPU
		{93C4A718-80C5-41D5-ADD6-725D1AB24470}.Ad-Hoc|x86.ActiveCfg = Release|Any CPU
		{93C4A718-80C5-41D5-ADD6-725D1AB24470}.Ad-Hoc|x86.Build.0 = Release|Any CPU
		{93C4A718-80C5-41D5-ADD6-725D1AB24470}.Ad-Hoc|x86.Deploy.0 = Release|Any CPU
		{93C4A718-80C5-41D5-ADD6-725D1AB24470}.AppStore|Any CPU.ActiveCfg = Release|Any CPU
		{93C4A718-80C5-41D5-ADD6-725D1AB24470}.AppStore|Any CPU.Build.0 = Release|Any CPU
		{93C4A718-80C5-41D5-ADD6-725D1AB24470}.AppStore|Any CPU.Deploy.0 = Release|Any CPU
		{93C4A718-80C5-41D5-ADD6-725D1AB24470}.AppStore|ARM.ActiveCfg = Release|Any CPU
		{93C4A718-80C5-41D5-ADD6-725D1AB24470}.AppStore|ARM.Build.0 = Release|Any CPU
		{93C4A718-80C5-41D5-ADD6-725D1AB24470}.AppStore|ARM.Deploy.0 = Release|Any CPU
		{93C4A718-80C5-41D5-ADD6-725D1AB24470}.AppStore|iPhone.ActiveCfg = Release|Any CPU
		{93C4A718-80C5-41D5-ADD6-725D1AB24470}.AppStore|iPhone.Build.0 = Release|Any CPU
		{93C4A718-80C5-41D5-ADD6-725D1AB24470}.AppStore|iPhone.Deploy.0 = Release|Any CPU
		{93C4A718-80C5-41D5-ADD6-725D1AB24470}.AppStore|iPhoneSimulator.ActiveCfg = Release|Any CPU
		{93C4A718-80C5-41D5-ADD6-725D1AB24470}.AppStore|iPhoneSimulator.Build.0 = Release|Any CPU
		{93C4A718-80C5-41D5-ADD6-725D1AB24470}.AppStore|iPhoneSimulator.Deploy.0 = Release|Any CPU
		{93C4A718-80C5-41D5-ADD6-725D1AB24470}.AppStore|x64.ActiveCfg = Release|Any CPU
		{93C4A718-80C5-41D5-ADD6-725D1AB24470}.AppStore|x64.Build.0 = Release|Any CPU
		{93C4A718-80C5-41D5-ADD6-725D1AB24470}.AppStore|x64.Deploy.0 = Release|Any CPU
		{93C4A718-80C5-41D5-ADD6-725D1AB24470}.AppStore|x86.ActiveCfg = Release|Any CPU
		{93C4A718-80C5-41D5-ADD6-725D1AB24470}.AppStore|x86.Build.0 = Release|Any CPU
		{93C4A718-80C5-41D5-ADD6-725D1AB24470}.AppStore|x86.Deploy.0 = Release|Any CPU
		{93C4A718-80C5-41D5-ADD6-725D1AB24470}.Debug|Any CPU.ActiveCfg = Debug|Any CPU
		{93C4A718-80C5-41D5-ADD6-725D1AB24470}.Debug|Any CPU.Build.0 = Debug|Any CPU
		{93C4A718-80C5-41D5-ADD6-725D1AB24470}.Debug|Any CPU.Deploy.0 = Debug|Any CPU
		{93C4A718-80C5-41D5-ADD6-725D1AB24470}.Debug|ARM.ActiveCfg = Debug|Any CPU
		{93C4A718-80C5-41D5-ADD6-725D1AB24470}.Debug|ARM.Build.0 = Debug|Any CPU
		{93C4A718-80C5-41D5-ADD6-725D1AB24470}.Debug|ARM.Deploy.0 = Debug|Any CPU
		{93C4A718-80C5-41D5-ADD6-725D1AB24470}.Debug|iPhone.ActiveCfg = Debug|Any CPU
		{93C4A718-80C5-41D5-ADD6-725D1AB24470}.Debug|iPhone.Build.0 = Debug|Any CPU
		{93C4A718-80C5-41D5-ADD6-725D1AB24470}.Debug|iPhone.Deploy.0 = Debug|Any CPU
		{93C4A718-80C5-41D5-ADD6-725D1AB24470}.Debug|iPhoneSimulator.ActiveCfg = Debug|Any CPU
		{93C4A718-80C5-41D5-ADD6-725D1AB24470}.Debug|iPhoneSimulator.Build.0 = Debug|Any CPU
		{93C4A718-80C5-41D5-ADD6-725D1AB24470}.Debug|iPhoneSimulator.Deploy.0 = Debug|Any CPU
		{93C4A718-80C5-41D5-ADD6-725D1AB24470}.Debug|x64.ActiveCfg = Debug|Any CPU
		{93C4A718-80C5-41D5-ADD6-725D1AB24470}.Debug|x64.Build.0 = Debug|Any CPU
		{93C4A718-80C5-41D5-ADD6-725D1AB24470}.Debug|x64.Deploy.0 = Debug|Any CPU
		{93C4A718-80C5-41D5-ADD6-725D1AB24470}.Debug|x86.ActiveCfg = Debug|Any CPU
		{93C4A718-80C5-41D5-ADD6-725D1AB24470}.Debug|x86.Build.0 = Debug|Any CPU
		{93C4A718-80C5-41D5-ADD6-725D1AB24470}.Debug|x86.Deploy.0 = Debug|Any CPU
		{93C4A718-80C5-41D5-ADD6-725D1AB24470}.Release|Any CPU.ActiveCfg = Release|Any CPU
		{93C4A718-80C5-41D5-ADD6-725D1AB24470}.Release|Any CPU.Build.0 = Release|Any CPU
		{93C4A718-80C5-41D5-ADD6-725D1AB24470}.Release|Any CPU.Deploy.0 = Release|Any CPU
		{93C4A718-80C5-41D5-ADD6-725D1AB24470}.Release|ARM.ActiveCfg = Release|Any CPU
		{93C4A718-80C5-41D5-ADD6-725D1AB24470}.Release|ARM.Build.0 = Release|Any CPU
		{93C4A718-80C5-41D5-ADD6-725D1AB24470}.Release|ARM.Deploy.0 = Release|Any CPU
		{93C4A718-80C5-41D5-ADD6-725D1AB24470}.Release|iPhone.ActiveCfg = Release|Any CPU
		{93C4A718-80C5-41D5-ADD6-725D1AB24470}.Release|iPhone.Build.0 = Release|Any CPU
		{93C4A718-80C5-41D5-ADD6-725D1AB24470}.Release|iPhone.Deploy.0 = Release|Any CPU
		{93C4A718-80C5-41D5-ADD6-725D1AB24470}.Release|iPhoneSimulator.ActiveCfg = Release|Any CPU
		{93C4A718-80C5-41D5-ADD6-725D1AB24470}.Release|iPhoneSimulator.Build.0 = Release|Any CPU
		{93C4A718-80C5-41D5-ADD6-725D1AB24470}.Release|iPhoneSimulator.Deploy.0 = Release|Any CPU
		{93C4A718-80C5-41D5-ADD6-725D1AB24470}.Release|x64.ActiveCfg = Release|Any CPU
		{93C4A718-80C5-41D5-ADD6-725D1AB24470}.Release|x64.Build.0 = Release|Any CPU
		{93C4A718-80C5-41D5-ADD6-725D1AB24470}.Release|x64.Deploy.0 = Release|Any CPU
		{93C4A718-80C5-41D5-ADD6-725D1AB24470}.Release|x86.ActiveCfg = Release|Any CPU
		{93C4A718-80C5-41D5-ADD6-725D1AB24470}.Release|x86.Build.0 = Release|Any CPU
		{93C4A718-80C5-41D5-ADD6-725D1AB24470}.Release|x86.Deploy.0 = Release|Any CPU
		{0B91FAF2-934C-4FF4-96AE-FAA1B1F31C18}.Ad-Hoc|Any CPU.ActiveCfg = Ad-Hoc|iPhone
		{0B91FAF2-934C-4FF4-96AE-FAA1B1F31C18}.Ad-Hoc|ARM.ActiveCfg = Ad-Hoc|iPhone
		{0B91FAF2-934C-4FF4-96AE-FAA1B1F31C18}.Ad-Hoc|iPhone.ActiveCfg = Ad-Hoc|iPhone
		{0B91FAF2-934C-4FF4-96AE-FAA1B1F31C18}.Ad-Hoc|iPhone.Build.0 = Ad-Hoc|iPhone
		{0B91FAF2-934C-4FF4-96AE-FAA1B1F31C18}.Ad-Hoc|iPhoneSimulator.ActiveCfg = Ad-Hoc|iPhoneSimulator
		{0B91FAF2-934C-4FF4-96AE-FAA1B1F31C18}.Ad-Hoc|iPhoneSimulator.Build.0 = Ad-Hoc|iPhoneSimulator
		{0B91FAF2-934C-4FF4-96AE-FAA1B1F31C18}.Ad-Hoc|x64.ActiveCfg = Ad-Hoc|iPhone
		{0B91FAF2-934C-4FF4-96AE-FAA1B1F31C18}.Ad-Hoc|x86.ActiveCfg = Ad-Hoc|iPhone
		{0B91FAF2-934C-4FF4-96AE-FAA1B1F31C18}.AppStore|Any CPU.ActiveCfg = AppStore|iPhone
		{0B91FAF2-934C-4FF4-96AE-FAA1B1F31C18}.AppStore|ARM.ActiveCfg = AppStore|iPhone
		{0B91FAF2-934C-4FF4-96AE-FAA1B1F31C18}.AppStore|iPhone.ActiveCfg = AppStore|iPhone
		{0B91FAF2-934C-4FF4-96AE-FAA1B1F31C18}.AppStore|iPhone.Build.0 = AppStore|iPhone
		{0B91FAF2-934C-4FF4-96AE-FAA1B1F31C18}.AppStore|iPhoneSimulator.ActiveCfg = AppStore|iPhoneSimulator
		{0B91FAF2-934C-4FF4-96AE-FAA1B1F31C18}.AppStore|iPhoneSimulator.Build.0 = AppStore|iPhoneSimulator
		{0B91FAF2-934C-4FF4-96AE-FAA1B1F31C18}.AppStore|x64.ActiveCfg = AppStore|iPhone
		{0B91FAF2-934C-4FF4-96AE-FAA1B1F31C18}.AppStore|x86.ActiveCfg = AppStore|iPhone
		{0B91FAF2-934C-4FF4-96AE-FAA1B1F31C18}.Debug|Any CPU.ActiveCfg = Debug|iPhone
		{0B91FAF2-934C-4FF4-96AE-FAA1B1F31C18}.Debug|ARM.ActiveCfg = Debug|iPhone
		{0B91FAF2-934C-4FF4-96AE-FAA1B1F31C18}.Debug|iPhone.ActiveCfg = Debug|iPhone
		{0B91FAF2-934C-4FF4-96AE-FAA1B1F31C18}.Debug|iPhone.Build.0 = Debug|iPhone
		{0B91FAF2-934C-4FF4-96AE-FAA1B1F31C18}.Debug|iPhoneSimulator.ActiveCfg = Debug|iPhoneSimulator
		{0B91FAF2-934C-4FF4-96AE-FAA1B1F31C18}.Debug|iPhoneSimulator.Build.0 = Debug|iPhoneSimulator
		{0B91FAF2-934C-4FF4-96AE-FAA1B1F31C18}.Debug|x64.ActiveCfg = Debug|iPhone
		{0B91FAF2-934C-4FF4-96AE-FAA1B1F31C18}.Debug|x86.ActiveCfg = Debug|iPhone
		{0B91FAF2-934C-4FF4-96AE-FAA1B1F31C18}.Release|Any CPU.ActiveCfg = Release|iPhone
		{0B91FAF2-934C-4FF4-96AE-FAA1B1F31C18}.Release|ARM.ActiveCfg = Release|iPhone
		{0B91FAF2-934C-4FF4-96AE-FAA1B1F31C18}.Release|iPhone.ActiveCfg = Release|iPhone
		{0B91FAF2-934C-4FF4-96AE-FAA1B1F31C18}.Release|iPhone.Build.0 = Release|iPhone
		{0B91FAF2-934C-4FF4-96AE-FAA1B1F31C18}.Release|iPhoneSimulator.ActiveCfg = Release|iPhoneSimulator
		{0B91FAF2-934C-4FF4-96AE-FAA1B1F31C18}.Release|iPhoneSimulator.Build.0 = Release|iPhoneSimulator
		{0B91FAF2-934C-4FF4-96AE-FAA1B1F31C18}.Release|x64.ActiveCfg = Release|iPhone
		{0B91FAF2-934C-4FF4-96AE-FAA1B1F31C18}.Release|x86.ActiveCfg = Release|iPhone
		{5C131527-F77F-4747-8079-006EEA0609EE}.Ad-Hoc|Any CPU.ActiveCfg = Release|x86
		{5C131527-F77F-4747-8079-006EEA0609EE}.Ad-Hoc|Any CPU.Build.0 = Release|x86
		{5C131527-F77F-4747-8079-006EEA0609EE}.Ad-Hoc|Any CPU.Deploy.0 = Release|x86
		{5C131527-F77F-4747-8079-006EEA0609EE}.Ad-Hoc|ARM.ActiveCfg = Release|ARM
		{5C131527-F77F-4747-8079-006EEA0609EE}.Ad-Hoc|ARM.Build.0 = Release|ARM
		{5C131527-F77F-4747-8079-006EEA0609EE}.Ad-Hoc|ARM.Deploy.0 = Release|ARM
		{5C131527-F77F-4747-8079-006EEA0609EE}.Ad-Hoc|iPhone.ActiveCfg = Release|x86
		{5C131527-F77F-4747-8079-006EEA0609EE}.Ad-Hoc|iPhone.Build.0 = Release|x86
		{5C131527-F77F-4747-8079-006EEA0609EE}.Ad-Hoc|iPhone.Deploy.0 = Release|x86
		{5C131527-F77F-4747-8079-006EEA0609EE}.Ad-Hoc|iPhoneSimulator.ActiveCfg = Release|x86
		{5C131527-F77F-4747-8079-006EEA0609EE}.Ad-Hoc|iPhoneSimulator.Build.0 = Release|x86
		{5C131527-F77F-4747-8079-006EEA0609EE}.Ad-Hoc|iPhoneSimulator.Deploy.0 = Release|x86
		{5C131527-F77F-4747-8079-006EEA0609EE}.Ad-Hoc|x64.ActiveCfg = Release|x64
		{5C131527-F77F-4747-8079-006EEA0609EE}.Ad-Hoc|x64.Build.0 = Release|x64
		{5C131527-F77F-4747-8079-006EEA0609EE}.Ad-Hoc|x64.Deploy.0 = Release|x64
		{5C131527-F77F-4747-8079-006EEA0609EE}.Ad-Hoc|x86.ActiveCfg = Release|x86
		{5C131527-F77F-4747-8079-006EEA0609EE}.Ad-Hoc|x86.Build.0 = Release|x86
		{5C131527-F77F-4747-8079-006EEA0609EE}.Ad-Hoc|x86.Deploy.0 = Release|x86
		{5C131527-F77F-4747-8079-006EEA0609EE}.AppStore|Any CPU.ActiveCfg = Release|x86
		{5C131527-F77F-4747-8079-006EEA0609EE}.AppStore|Any CPU.Build.0 = Release|x86
		{5C131527-F77F-4747-8079-006EEA0609EE}.AppStore|Any CPU.Deploy.0 = Release|x86
		{5C131527-F77F-4747-8079-006EEA0609EE}.AppStore|ARM.ActiveCfg = Release|ARM
		{5C131527-F77F-4747-8079-006EEA0609EE}.AppStore|ARM.Build.0 = Release|ARM
		{5C131527-F77F-4747-8079-006EEA0609EE}.AppStore|ARM.Deploy.0 = Release|ARM
		{5C131527-F77F-4747-8079-006EEA0609EE}.AppStore|iPhone.ActiveCfg = Release|x86
		{5C131527-F77F-4747-8079-006EEA0609EE}.AppStore|iPhone.Build.0 = Release|x86
		{5C131527-F77F-4747-8079-006EEA0609EE}.AppStore|iPhone.Deploy.0 = Release|x86
		{5C131527-F77F-4747-8079-006EEA0609EE}.AppStore|iPhoneSimulator.ActiveCfg = Release|x86
		{5C131527-F77F-4747-8079-006EEA0609EE}.AppStore|iPhoneSimulator.Build.0 = Release|x86
		{5C131527-F77F-4747-8079-006EEA0609EE}.AppStore|iPhoneSimulator.Deploy.0 = Release|x86
		{5C131527-F77F-4747-8079-006EEA0609EE}.AppStore|x64.ActiveCfg = Release|x64
		{5C131527-F77F-4747-8079-006EEA0609EE}.AppStore|x64.Build.0 = Release|x64
		{5C131527-F77F-4747-8079-006EEA0609EE}.AppStore|x64.Deploy.0 = Release|x64
		{5C131527-F77F-4747-8079-006EEA0609EE}.AppStore|x86.ActiveCfg = Release|x86
		{5C131527-F77F-4747-8079-006EEA0609EE}.AppStore|x86.Build.0 = Release|x86
		{5C131527-F77F-4747-8079-006EEA0609EE}.AppStore|x86.Deploy.0 = Release|x86
		{5C131527-F77F-4747-8079-006EEA0609EE}.Debug|Any CPU.ActiveCfg = Debug|x86
		{5C131527-F77F-4747-8079-006EEA0609EE}.Debug|ARM.ActiveCfg = Debug|ARM
		{5C131527-F77F-4747-8079-006EEA0609EE}.Debug|ARM.Build.0 = Debug|ARM
		{5C131527-F77F-4747-8079-006EEA0609EE}.Debug|ARM.Deploy.0 = Debug|ARM
		{5C131527-F77F-4747-8079-006EEA0609EE}.Debug|iPhone.ActiveCfg = Debug|x86
		{5C131527-F77F-4747-8079-006EEA0609EE}.Debug|iPhoneSimulator.ActiveCfg = Debug|x86
		{5C131527-F77F-4747-8079-006EEA0609EE}.Debug|x64.ActiveCfg = Debug|x64
		{5C131527-F77F-4747-8079-006EEA0609EE}.Debug|x64.Build.0 = Debug|x64
		{5C131527-F77F-4747-8079-006EEA0609EE}.Debug|x64.Deploy.0 = Debug|x64
		{5C131527-F77F-4747-8079-006EEA0609EE}.Debug|x86.ActiveCfg = Debug|x86
		{5C131527-F77F-4747-8079-006EEA0609EE}.Debug|x86.Build.0 = Debug|x86
		{5C131527-F77F-4747-8079-006EEA0609EE}.Debug|x86.Deploy.0 = Debug|x86
		{5C131527-F77F-4747-8079-006EEA0609EE}.Release|Any CPU.ActiveCfg = Release|x86
		{5C131527-F77F-4747-8079-006EEA0609EE}.Release|ARM.ActiveCfg = Release|ARM
		{5C131527-F77F-4747-8079-006EEA0609EE}.Release|ARM.Build.0 = Release|ARM
		{5C131527-F77F-4747-8079-006EEA0609EE}.Release|ARM.Deploy.0 = Release|ARM
		{5C131527-F77F-4747-8079-006EEA0609EE}.Release|iPhone.ActiveCfg = Release|x86
		{5C131527-F77F-4747-8079-006EEA0609EE}.Release|iPhoneSimulator.ActiveCfg = Release|x86
		{5C131527-F77F-4747-8079-006EEA0609EE}.Release|x64.ActiveCfg = Release|x64
		{5C131527-F77F-4747-8079-006EEA0609EE}.Release|x64.Build.0 = Release|x64
		{5C131527-F77F-4747-8079-006EEA0609EE}.Release|x64.Deploy.0 = Release|x64
		{5C131527-F77F-4747-8079-006EEA0609EE}.Release|x86.ActiveCfg = Release|x86
		{5C131527-F77F-4747-8079-006EEA0609EE}.Release|x86.Build.0 = Release|x86
		{5C131527-F77F-4747-8079-006EEA0609EE}.Release|x86.Deploy.0 = Release|x86
	EndGlobalSection
	GlobalSection(SolutionProperties) = preSolution
		HideSolutionNode = FALSE
	EndGlobalSection
EndGlobal
